
Microsoft Visual Studio Solution File, Format Version 12.00
# Visual Studio Version 16
VisualStudioVersion = 16.0.29806.167
MinimumVisualStudioVersion = 10.0.40219.1
Project("{FAE04EC0-301F-11D3-BF4B-00C04F79EFBC}") = "Кодирование", "Кодирование.csproj", "{D5B59F12-AB24-499C-AFE7-11530D6FD362}"
EndProject
Global
	GlobalSection(SolutionConfigurationPlatforms) = preSolution
		Debug|Any CPU = Debug|Any CPU
		Release|Any CPU = Release|Any CPU
	EndGlobalSection
	GlobalSection(ProjectConfigurationPlatforms) = postSolution
		{D5B59F12-AB24-499C-AFE7-11530D6FD362}.Debug|Any CPU.ActiveCfg = Debug|Any CPU
		{D5B59F12-AB24-499C-AFE7-11530D6FD362}.Debug|Any CPU.Build.0 = Debug|Any CPU
		{D5B59F12-AB24-499C-AFE7-11530D6FD362}.Release|Any CPU.ActiveCfg = Release|Any CPU
		{D5B59F12-AB24-499C-AFE7-11530D6FD362}.Release|Any CPU.Build.0 = Release|Any CPU
	EndGlobalSection
	GlobalSection(SolutionProperties) = preSolution
		HideSolutionNode = FALSE
	EndGlobalSection
	GlobalSection(ExtensibilityGlobals) = postSolution
		SolutionGuid = {887DABC3-FB87-4A9E-98ED-3467548867E9}
	EndGlobalSection
EndGlobal
